
Microsoft Visual Studio Solution File, Format Version 12.00
# Visual Studio Version 17
VisualStudioVersion = 17.5.002.0
MinimumVisualStudioVersion = 10.0.40219.1
Project("{9A19103F-16F7-4668-BE54-9A1E7A4F7556}") = "substitutionAlgoritma", "substitutionAlgoritma.csproj", "{83FB92D7-0661-4902-9A0A-4E9F865EE3EE}"
EndProject
Global
	GlobalSection(SolutionConfigurationPlatforms) = preSolution
		Debug|Any CPU = Debug|Any CPU
		Release|Any CPU = Release|Any CPU
	EndGlobalSection
	GlobalSection(ProjectConfigurationPlatforms) = postSolution
		{83FB92D7-0661-4902-9A0A-4E9F865EE3EE}.Debug|Any CPU.ActiveCfg = Debug|Any CPU
		{83FB92D7-0661-4902-9A0A-4E9F865EE3EE}.Debug|Any CPU.Build.0 = Debug|Any CPU
		{83FB92D7-0661-4902-9A0A-4E9F865EE3EE}.Release|Any CPU.ActiveCfg = Release|Any CPU
		{83FB92D7-0661-4902-9A0A-4E9F865EE3EE}.Release|Any CPU.Build.0 = Release|Any CPU
	EndGlobalSection
	GlobalSection(SolutionProperties) = preSolution
		HideSolutionNode = FALSE
	EndGlobalSection
	GlobalSection(ExtensibilityGlobals) = postSolution
		SolutionGuid = {338A0CD7-48D6-49B3-95A8-FE3AC8925F92}
	EndGlobalSection
EndGlobal
